
Microsoft Visual Studio Solution File, Format Version 12.00
# Visual Studio Version 16
VisualStudioVersion = 16.0.30104.148
MinimumVisualStudioVersion = 10.0.40219.1
Project("{FAE04EC0-301F-11D3-BF4B-00C04F79EFBC}") = "HelloWorld", "HelloWorld\HelloWorld.csproj", "{A2BCE5FD-53CA-469A-BAC4-35D4937A294C}"
EndProject
Global
	GlobalSection(SolutionConfigurationPlatforms) = preSolution
		Debug|Any CPU = Debug|Any CPU
		Release|Any CPU = Release|Any CPU
	EndGlobalSection
	GlobalSection(ProjectConfigurationPlatforms) = postSolution
		{A2BCE5FD-53CA-469A-BAC4-35D4937A294C}.Debug|Any CPU.ActiveCfg = Debug|Any CPU
		{A2BCE5FD-53CA-469A-BAC4-35D4937A294C}.Debug|Any CPU.Build.0 = Debug|Any CPU
		{A2BCE5FD-53CA-469A-BAC4-35D4937A294C}.Release|Any CPU.ActiveCfg = Release|Any CPU
		{A2BCE5FD-53CA-469A-BAC4-35D4937A294C}.Release|Any CPU.Build.0 = Release|Any CPU
	EndGlobalSection
	GlobalSection(SolutionProperties) = preSolution
		HideSolutionNode = FALSE
	EndGlobalSection
	GlobalSection(ExtensibilityGlobals) = postSolution
		SolutionGuid = {29EBEF16-49E9-4074-9D0F-EEA944CE0348}
	EndGlobalSection
EndGlobal
