
Microsoft Visual Studio Solution File, Format Version 12.00
# Visual Studio Version 16
VisualStudioVersion = 16.0.30320.27
MinimumVisualStudioVersion = 10.0.40219.1
Project("{FAE04EC0-301F-11D3-BF4B-00C04F79EFBC}") = "HelloWorld", "HelloWorld\HelloWorld.csproj", "{2649BF43-AB9B-4B61-9DBB-3F9E7D471849}"
EndProject
Global
	GlobalSection(SolutionConfigurationPlatforms) = preSolution
		Debug|Any CPU = Debug|Any CPU
		Release|Any CPU = Release|Any CPU
	EndGlobalSection
	GlobalSection(ProjectConfigurationPlatforms) = postSolution
		{2649BF43-AB9B-4B61-9DBB-3F9E7D471849}.Debug|Any CPU.ActiveCfg = Debug|Any CPU
		{2649BF43-AB9B-4B61-9DBB-3F9E7D471849}.Debug|Any CPU.Build.0 = Debug|Any CPU
		{2649BF43-AB9B-4B61-9DBB-3F9E7D471849}.Release|Any CPU.ActiveCfg = Release|Any CPU
		{2649BF43-AB9B-4B61-9DBB-3F9E7D471849}.Release|Any CPU.Build.0 = Release|Any CPU
	EndGlobalSection
	GlobalSection(SolutionProperties) = preSolution
		HideSolutionNode = FALSE
	EndGlobalSection
	GlobalSection(ExtensibilityGlobals) = postSolution
		SolutionGuid = {D600E1CF-71BA-4D45-805C-AB05320DF81F}
	EndGlobalSection
EndGlobal
